
Microsoft Visual Studio Solution File, Format Version 12.00
# Visual Studio 15
VisualStudioVersion = 15.0.28307.421
MinimumVisualStudioVersion = 10.0.40219.1
Project("{8BC9CEB8-8B4A-11D0-8D11-00A0C91BC942}") = "ConsoleApplication1", "ConsoleApplication1\ConsoleApplication1.vcxproj", "{AC1B6D7E-8BBD-4BA7-970F-26343E221342}"
EndProject
Project("{8BC9CEB8-8B4A-11D0-8D11-00A0C91BC942}") = "Dll1", "Dll1\Dll1.vcxproj", "{D3CBF543-C51F-4D90-8BD5-5A19FA049740}"
EndProject
Global
	GlobalSection(SolutionConfigurationPlatforms) = preSolution
		Debug|x64 = Debug|x64
		Debug|x86 = Debug|x86
		Release|x64 = Release|x64
		Release|x86 = Release|x86
	EndGlobalSection
	GlobalSection(ProjectConfigurationPlatforms) = postSolution
		{AC1B6D7E-8BBD-4BA7-970F-26343E221342}.Debug|x64.ActiveCfg = Debug|x64
		{AC1B6D7E-8BBD-4BA7-970F-26343E221342}.Debug|x64.Build.0 = Debug|x64
		{AC1B6D7E-8BBD-4BA7-970F-26343E221342}.Debug|x86.ActiveCfg = Debug|Win32
		{AC1B6D7E-8BBD-4BA7-970F-26343E221342}.Debug|x86.Build.0 = Debug|Win32
		{AC1B6D7E-8BBD-4BA7-970F-26343E221342}.Release|x64.ActiveCfg = Release|x64
		{AC1B6D7E-8BBD-4BA7-970F-26343E221342}.Release|x64.Build.0 = Release|x64
		{AC1B6D7E-8BBD-4BA7-970F-26343E221342}.Release|x86.ActiveCfg = Release|Win32
		{AC1B6D7E-8BBD-4BA7-970F-26343E221342}.Release|x86.Build.0 = Release|Win32
		{D3CBF543-C51F-4D90-8BD5-5A19FA049740}.Debug|x64.ActiveCfg = Debug|x64
		{D3CBF543-C51F-4D90-8BD5-5A19FA049740}.Debug|x64.Build.0 = Debug|x64
		{D3CBF543-C51F-4D90-8BD5-5A19FA049740}.Debug|x86.ActiveCfg = Debug|Win32
		{D3CBF543-C51F-4D90-8BD5-5A19FA049740}.Debug|x86.Build.0 = Debug|Win32
		{D3CBF543-C51F-4D90-8BD5-5A19FA049740}.Release|x64.ActiveCfg = Release|x64
		{D3CBF543-C51F-4D90-8BD5-5A19FA049740}.Release|x64.Build.0 = Release|x64
		{D3CBF543-C51F-4D90-8BD5-5A19FA049740}.Release|x86.ActiveCfg = Release|Win32
		{D3CBF543-C51F-4D90-8BD5-5A19FA049740}.Release|x86.Build.0 = Release|Win32
	EndGlobalSection
	GlobalSection(SolutionProperties) = preSolution
		HideSolutionNode = FALSE
	EndGlobalSection
	GlobalSection(ExtensibilityGlobals) = postSolution
		SolutionGuid = {94F67AD3-7C43-4A85-8A00-09055AE62074}
	EndGlobalSection
EndGlobal
